
Microsoft Visual Studio Solution File, Format Version 12.00
# Visual Studio Version 16
VisualStudioVersion = 16.0.29613.14
MinimumVisualStudioVersion = 10.0.40219.1
Project("{FAE04EC0-301F-11D3-BF4B-00C04F79EFBC}") = "DataObjects", "DataObjects\DataObjects.csproj", "{553C4C2D-BCCC-4AAA-A314-5769C5D17F22}"
EndProject
Project("{FAE04EC0-301F-11D3-BF4B-00C04F79EFBC}") = "Data", "Data\Data.csproj", "{C3BFDB18-4ACD-495B-9CCE-675B7A8FD8FE}"
EndProject
Project("{FAE04EC0-301F-11D3-BF4B-00C04F79EFBC}") = "DataTests", "DataTests\DataTests.csproj", "{157E0096-37C4-4A66-80B0-337D690719F2}"
EndProject
Global
	GlobalSection(SolutionConfigurationPlatforms) = preSolution
		Debug|Any CPU = Debug|Any CPU
		Release|Any CPU = Release|Any CPU
	EndGlobalSection
	GlobalSection(ProjectConfigurationPlatforms) = postSolution
		{553C4C2D-BCCC-4AAA-A314-5769C5D17F22}.Debug|Any CPU.ActiveCfg = Debug|Any CPU
		{553C4C2D-BCCC-4AAA-A314-5769C5D17F22}.Debug|Any CPU.Build.0 = Debug|Any CPU
		{553C4C2D-BCCC-4AAA-A314-5769C5D17F22}.Release|Any CPU.ActiveCfg = Release|Any CPU
		{553C4C2D-BCCC-4AAA-A314-5769C5D17F22}.Release|Any CPU.Build.0 = Release|Any CPU
		{C3BFDB18-4ACD-495B-9CCE-675B7A8FD8FE}.Debug|Any CPU.ActiveCfg = Debug|Any CPU
		{C3BFDB18-4ACD-495B-9CCE-675B7A8FD8FE}.Debug|Any CPU.Build.0 = Debug|Any CPU
		{C3BFDB18-4ACD-495B-9CCE-675B7A8FD8FE}.Release|Any CPU.ActiveCfg = Release|Any CPU
		{C3BFDB18-4ACD-495B-9CCE-675B7A8FD8FE}.Release|Any CPU.Build.0 = Release|Any CPU
		{157E0096-37C4-4A66-80B0-337D690719F2}.Debug|Any CPU.ActiveCfg = Debug|Any CPU
		{157E0096-37C4-4A66-80B0-337D690719F2}.Debug|Any CPU.Build.0 = Debug|Any CPU
		{157E0096-37C4-4A66-80B0-337D690719F2}.Release|Any CPU.ActiveCfg = Release|Any CPU
		{157E0096-37C4-4A66-80B0-337D690719F2}.Release|Any CPU.Build.0 = Release|Any CPU
	EndGlobalSection
	GlobalSection(SolutionProperties) = preSolution
		HideSolutionNode = FALSE
	EndGlobalSection
	GlobalSection(ExtensibilityGlobals) = postSolution
		SolutionGuid = {EF0ECCFA-B4C0-4862-B136-C797D24E1A41}
	EndGlobalSection
EndGlobal
